<?xml version="1.0" encoding="utf-8"?>
<Project ToolsVersion="4.0" xmlns="http://schemas.microsoft.com/developer/msbuild/2003">
  <ItemGroup>
    <Filter Include="Source Files">
      <UniqueIdentifier>{4FC737F1-C7A5-4376-A066-2A32D752A2FF}</UniqueIdentifier>
      <Extensions>cpp;c;cc;cxx;def;odl;idl;hpj;bat;asm;asmx</Extensions>
    </Filter>
    <Filter Include="Header Files">
      <UniqueIdentifier>{93995380-89BD-4b04-88EB-625FBE52EBFB}</UniqueIdentifier>
      <Extensions>h;hh;hpp;hxx;hm;inl;inc;xsd</Extensions>
    </Filter>
    <Filter Include="Resource Files">
      <UniqueIdentifier>{67DA6AB6-F800-4c08-8B7A-83BB121AAD01}</UniqueIdentifier>
      <Extensions>rc;ico;cur;bmp;dlg;rc2;rct;bin;rgs;gif;jpg;jpeg;jpe;resx;tiff;tif;png;wav;mfcribbon-ms</Extensions>
    </Filter>
  </ItemGroup>
  <ItemGroup>
    <ClInclude Include="..\..\poppler-0.56.0\poppler\Annot.h">
      <Filter>Header Files</Filter>
    </ClInclude>
    <ClInclude Include="..\..\poppler-0.56.0\poppler\Array.h">
      <Filter>Header Files</Filter>
    </ClInclude>
    <ClInclude Include="..\..\poppler-0.56.0\poppler\BuiltinFont.h">
      <Filter>Header Files</Filter>
    </ClInclude>
    <ClInclude Include="..\..\poppler-0.56.0\poppler\BuiltinFontTables.h">
      <Filter>Header Files</Filter>
    </ClInclude>
    <ClInclude Include="..\..\poppler-0.56.0\poppler\CachedFile.h">
      <Filter>Header Files</Filter>
    </ClInclude>
    <ClInclude Include="..\..\poppler-0.56.0\poppler\CairoFontEngine.h">
      <Filter>Header Files</Filter>
    </ClInclude>
    <ClInclude Include="..\..\poppler-0.56.0\poppler\CairoOutputDev.h">
      <Filter>Header Files</Filter>
    </ClInclude>
    <ClInclude Include="..\..\poppler-0.56.0\poppler\CairoRescaleBox.h">
      <Filter>Header Files</Filter>
    </ClInclude>
    <ClInclude Include="..\..\poppler-0.56.0\poppler\Catalog.h">
      <Filter>Header Files</Filter>
    </ClInclude>
    <ClInclude Include="..\..\poppler-0.56.0\poppler\CharCodeToUnicode.h">
      <Filter>Header Files</Filter>
    </ClInclude>
    <ClInclude Include="..\..\poppler-0.56.0\poppler\CharTypes.h">
      <Filter>Header Files</Filter>
    </ClInclude>
    <ClInclude Include="..\..\poppler-0.56.0\poppler\CMap.h">
      <Filter>Header Files</Filter>
    </ClInclude>
    <ClInclude Include="..\..\poppler-0.56.0\poppler\CompactFontTables.h">
      <Filter>Header Files</Filter>
    </ClInclude>
    <ClInclude Include="..\..\poppler-0.56.0\poppler\CurlCachedFile.h">
      <Filter>Header Files</Filter>
    </ClInclude>
    <ClInclude Include="..\..\poppler-0.56.0\poppler\CurlPDFDocBuilder.h">
      <Filter>Header Files</Filter>
    </ClInclude>
    <ClInclude Include="..\..\poppler-0.56.0\poppler\DateInfo.h">
      <Filter>Header Files</Filter>
    </ClInclude>
    <ClInclude Include="..\..\poppler-0.56.0\poppler\DCTStream.h">
      <Filter>Header Files</Filter>
    </ClInclude>
    <ClInclude Include="..\..\poppler-0.56.0\poppler\Decrypt.h">
      <Filter>Header Files</Filter>
    </ClInclude>
    <ClInclude Include="..\..\poppler-0.56.0\poppler\Dict.h">
      <Filter>Header Files</Filter>
    </ClInclude>
    <ClInclude Include="..\..\poppler-0.56.0\poppler\Error.h">
      <Filter>Header Files</Filter>
    </ClInclude>
    <ClInclude Include="..\..\poppler-0.56.0\poppler\ErrorCodes.h">
      <Filter>Header Files</Filter>
    </ClInclude>
    <ClInclude Include="..\..\poppler-0.56.0\poppler\FileSpec.h">
      <Filter>Header Files</Filter>
    </ClInclude>
    <ClInclude Include="..\..\poppler-0.56.0\poppler\FlateEncoder.h">
      <Filter>Header Files</Filter>
    </ClInclude>
    <ClInclude Include="..\..\poppler-0.56.0\poppler\FlateStream.h">
      <Filter>Header Files</Filter>
    </ClInclude>
    <ClInclude Include="..\..\poppler-0.56.0\poppler\FontEncodingTables.h">
      <Filter>Header Files</Filter>
    </ClInclude>
    <ClInclude Include="..\..\poppler-0.56.0\poppler\FontInfo.h">
      <Filter>Header Files</Filter>
    </ClInclude>
    <ClInclude Include="..\..\poppler-0.56.0\poppler\Form.h">
      <Filter>Header Files</Filter>
    </ClInclude>
    <ClInclude Include="..\..\poppler-0.56.0\poppler\Function.h">
      <Filter>Header Files</Filter>
    </ClInclude>
    <ClInclude Include="..\..\poppler-0.56.0\poppler\Gfx.h">
      <Filter>Header Files</Filter>
    </ClInclude>
    <ClInclude Include="..\..\poppler-0.56.0\poppler\GfxFont.h">
      <Filter>Header Files</Filter>
    </ClInclude>
    <ClInclude Include="..\..\poppler-0.56.0\poppler\GfxState.h">
      <Filter>Header Files</Filter>
    </ClInclude>
    <ClInclude Include="..\..\poppler-0.56.0\poppler\GfxState_helpers.h">
      <Filter>Header Files</Filter>
    </ClInclude>
    <ClInclude Include="..\..\poppler-0.56.0\poppler\GlobalParams.h">
      <Filter>Header Files</Filter>
    </ClInclude>
    <ClInclude Include="..\..\poppler-0.56.0\poppler\Hints.h">
      <Filter>Header Files</Filter>
    </ClInclude>
    <ClInclude Include="..\..\poppler-0.56.0\poppler\JArithmeticDecoder.h">
      <Filter>Header Files</Filter>
    </ClInclude>
    <ClInclude Include="..\..\poppler-0.56.0\poppler\JBIG2Stream.h">
      <Filter>Header Files</Filter>
    </ClInclude>
    <ClInclude Include="..\..\poppler-0.56.0\poppler\JPEG2000Stream.h">
      <Filter>Header Files</Filter>
    </ClInclude>
    <ClInclude Include="..\..\poppler-0.56.0\poppler\JPXStream.h">
      <Filter>Header Files</Filter>
    </ClInclude>
    <ClInclude Include="..\..\poppler-0.56.0\poppler\Lexer.h">
      <Filter>Header Files</Filter>
    </ClInclude>
    <ClInclude Include="..\..\poppler-0.56.0\poppler\Linearization.h">
      <Filter>Header Files</Filter>
    </ClInclude>
    <ClInclude Include="..\..\poppler-0.56.0\poppler\Link.h">
      <Filter>Header Files</Filter>
    </ClInclude>
    <ClInclude Include="..\..\poppler-0.56.0\poppler\LocalPDFDocBuilder.h">
      <Filter>Header Files</Filter>
    </ClInclude>
    <ClInclude Include="..\..\poppler-0.56.0\poppler\MarkedContentOutputDev.h">
      <Filter>Header Files</Filter>
    </ClInclude>
    <ClInclude Include="..\..\poppler-0.56.0\poppler\Movie.h">
      <Filter>Header Files</Filter>
    </ClInclude>
    <ClInclude Include="..\..\poppler-0.56.0\poppler\NameToCharCode.h">
      <Filter>Header Files</Filter>
    </ClInclude>
    <ClInclude Include="..\..\poppler-0.56.0\poppler\NameToUnicodeTable.h">
      <Filter>Header Files</Filter>
    </ClInclude>
    <ClInclude Include="..\..\poppler-0.56.0\poppler\Object.h">
      <Filter>Header Files</Filter>
    </ClInclude>
    <ClInclude Include="..\..\poppler-0.56.0\poppler\OptionalContent.h">
      <Filter>Header Files</Filter>
    </ClInclude>
    <ClInclude Include="..\..\poppler-0.56.0\poppler\Outline.h">
      <Filter>Header Files</Filter>
    </ClInclude>
    <ClInclude Include="..\..\poppler-0.56.0\poppler\OutputDev.h">
      <Filter>Header Files</Filter>
    </ClInclude>
    <ClInclude Include="..\..\poppler-0.56.0\poppler\Page.h">
      <Filter>Header Files</Filter>
    </ClInclude>
    <ClInclude Include="..\..\poppler-0.56.0\poppler\PageLabelInfo.h">
      <Filter>Header Files</Filter>
    </ClInclude>
    <ClInclude Include="..\..\poppler-0.56.0\poppler\PageLabelInfo_p.h">
      <Filter>Header Files</Filter>
    </ClInclude>
    <ClInclude Include="..\..\poppler-0.56.0\poppler\PageTransition.h">
      <Filter>Header Files</Filter>
    </ClInclude>
    <ClInclude Include="..\..\poppler-0.56.0\poppler\Parser.h">
      <Filter>Header Files</Filter>
    </ClInclude>
    <ClInclude Include="..\..\poppler-0.56.0\poppler\PDFDoc.h">
      <Filter>Header Files</Filter>
    </ClInclude>
    <ClInclude Include="..\..\poppler-0.56.0\poppler\PDFDocBuilder.h">
      <Filter>Header Files</Filter>
    </ClInclude>
    <ClInclude Include="..\..\poppler-0.56.0\poppler\PDFDocEncoding.h">
      <Filter>Header Files</Filter>
    </ClInclude>
    <ClInclude Include="..\..\poppler-0.56.0\poppler\PDFDocFactory.h">
      <Filter>Header Files</Filter>
    </ClInclude>
    <ClInclude Include="..\..\poppler-0.56.0\poppler\PopplerCache.h">
      <Filter>Header Files</Filter>
    </ClInclude>
    <ClInclude Include="..\..\poppler-0.56.0\poppler\PreScanOutputDev.h">
      <Filter>Header Files</Filter>
    </ClInclude>
    <ClInclude Include="..\..\poppler-0.56.0\poppler\ProfileData.h">
      <Filter>Header Files</Filter>
    </ClInclude>
    <ClInclude Include="..\..\poppler-0.56.0\poppler\PSOutputDev.h">
      <Filter>Header Files</Filter>
    </ClInclude>
    <ClInclude Include="..\..\poppler-0.56.0\poppler\PSTokenizer.h">
      <Filter>Header Files</Filter>
    </ClInclude>
    <ClInclude Include="..\..\poppler-0.56.0\poppler\Rendition.h">
      <Filter>Header Files</Filter>
    </ClInclude>
    <ClInclude Include="..\..\poppler-0.56.0\poppler\SecurityHandler.h">
      <Filter>Header Files</Filter>
    </ClInclude>
    <ClInclude Include="..\..\poppler-0.56.0\poppler\SignatureHandler.h">
      <Filter>Header Files</Filter>
    </ClInclude>
    <ClInclude Include="..\..\poppler-0.56.0\poppler\SignatureInfo.h">
      <Filter>Header Files</Filter>
    </ClInclude>
    <ClInclude Include="..\..\poppler-0.56.0\poppler\Sound.h">
      <Filter>Header Files</Filter>
    </ClInclude>
    <ClInclude Include="..\..\poppler-0.56.0\poppler\SplashOutputDev.h">
      <Filter>Header Files</Filter>
    </ClInclude>
    <ClInclude Include="..\..\poppler-0.56.0\poppler\StdinCachedFile.h">
      <Filter>Header Files</Filter>
    </ClInclude>
    <ClInclude Include="..\..\poppler-0.56.0\poppler\StdinPDFDocBuilder.h">
      <Filter>Header Files</Filter>
    </ClInclude>
    <ClInclude Include="..\..\poppler-0.56.0\poppler\Stream.h">
      <Filter>Header Files</Filter>
    </ClInclude>
    <ClInclude Include="..\..\poppler-0.56.0\poppler\Stream-CCITT.h">
      <Filter>Header Files</Filter>
    </ClInclude>
    <ClInclude Include="..\..\poppler-0.56.0\poppler\StructElement.h">
      <Filter>Header Files</Filter>
    </ClInclude>
    <ClInclude Include="..\..\poppler-0.56.0\poppler\StructTreeRoot.h">
      <Filter>Header Files</Filter>
    </ClInclude>
    <ClInclude Include="..\..\poppler-0.56.0\poppler\TextOutputDev.h">
      <Filter>Header Files</Filter>
    </ClInclude>
    <ClInclude Include="..\..\poppler-0.56.0\poppler\UnicodeCClassTables.h">
      <Filter>Header Files</Filter>
    </ClInclude>
    <ClInclude Include="..\..\poppler-0.56.0\poppler\UnicodeCompTables.h">
      <Filter>Header Files</Filter>
    </ClInclude>
    <ClInclude Include="..\..\poppler-0.56.0\poppler\UnicodeDecompTables.h">
      <Filter>Header Files</Filter>
    </ClInclude>
    <ClInclude Include="..\..\poppler-0.56.0\poppler\UnicodeMap.h">
      <Filter>Header Files</Filter>
    </ClInclude>
    <ClInclude Include="..\..\poppler-0.56.0\poppler\UnicodeMapTables.h">
      <Filter>Header Files</Filter>
    </ClInclude>
    <ClInclude Include="..\..\poppler-0.56.0\poppler\UnicodeTypeTable.h">
      <Filter>Header Files</Filter>
    </ClInclude>
    <ClInclude Include="..\..\poppler-0.56.0\poppler\UTF.h">
      <Filter>Header Files</Filter>
    </ClInclude>
    <ClInclude Include="..\..\poppler-0.56.0\poppler\UTF8.h">
      <Filter>Header Files</Filter>
    </ClInclude>
    <ClInclude Include="..\..\poppler-0.56.0\poppler\ViewerPreferences.h">
      <Filter>Header Files</Filter>
    </ClInclude>
    <ClInclude Include="..\..\poppler-0.56.0\poppler\XpdfPluginAPI.h">
      <Filter>Header Files</Filter>
    </ClInclude>
    <ClInclude Include="..\..\poppler-0.56.0\poppler\XRef.h">
      <Filter>Header Files</Filter>
    </ClInclude>
  </ItemGroup>
  <ItemGroup>
    <ClCompile Include="..\..\poppler-0.56.0\poppler\Annot.cc">
      <Filter>Source Files</Filter>
    </ClCompile>
    <ClCompile Include="..\..\poppler-0.56.0\poppler\Array.cc">
      <Filter>Source Files</Filter>
    </ClCompile>
    <ClCompile Include="..\..\poppler-0.56.0\poppler\BuiltinFont.cc">
      <Filter>Source Files</Filter>
    </ClCompile>
    <ClCompile Include="..\..\poppler-0.56.0\poppler\BuiltinFontTables.cc">
      <Filter>Source Files</Filter>
    </ClCompile>
    <ClCompile Include="..\..\poppler-0.56.0\poppler\CachedFile.cc">
      <Filter>Source Files</Filter>
    </ClCompile>
    <ClCompile Include="..\..\poppler-0.56.0\poppler\CairoFontEngine.cc">
      <Filter>Source Files</Filter>
    </ClCompile>
    <ClCompile Include="..\..\poppler-0.56.0\poppler\CairoOutputDev.cc">
      <Filter>Source Files</Filter>
    </ClCompile>
    <ClCompile Include="..\..\poppler-0.56.0\poppler\CairoRescaleBox.cc">
      <Filter>Source Files</Filter>
    </ClCompile>
    <ClCompile Include="..\..\poppler-0.56.0\poppler\Catalog.cc">
      <Filter>Source Files</Filter>
    </ClCompile>
    <ClCompile Include="..\..\poppler-0.56.0\poppler\CharCodeToUnicode.cc">
      <Filter>Source Files</Filter>
    </ClCompile>
    <ClCompile Include="..\..\poppler-0.56.0\poppler\CMap.cc">
      <Filter>Source Files</Filter>
    </ClCompile>
    <ClCompile Include="..\..\poppler-0.56.0\poppler\DateInfo.cc">
      <Filter>Source Files</Filter>
    </ClCompile>
    <ClCompile Include="..\..\poppler-0.56.0\poppler\Decrypt.cc">
      <Filter>Source Files</Filter>
    </ClCompile>
    <ClCompile Include="..\..\poppler-0.56.0\poppler\Dict.cc">
      <Filter>Source Files</Filter>
    </ClCompile>
    <ClCompile Include="..\..\poppler-0.56.0\poppler\Error.cc">
      <Filter>Source Files</Filter>
    </ClCompile>
    <ClCompile Include="..\..\poppler-0.56.0\poppler\FileSpec.cc">
      <Filter>Source Files</Filter>
    </ClCompile>
    <ClCompile Include="..\..\poppler-0.56.0\poppler\FlateEncoder.cc">
      <Filter>Source Files</Filter>
    </ClCompile>
    <ClCompile Include="..\..\poppler-0.56.0\poppler\FlateStream.cc">
      <Filter>Source Files</Filter>
    </ClCompile>
    <ClCompile Include="..\..\poppler-0.56.0\poppler\FontEncodingTables.cc">
      <Filter>Source Files</Filter>
    </ClCompile>
    <ClCompile Include="..\..\poppler-0.56.0\poppler\FontInfo.cc">
      <Filter>Source Files</Filter>
    </ClCompile>
    <ClCompile Include="..\..\poppler-0.56.0\poppler\Form.cc">
      <Filter>Source Files</Filter>
    </ClCompile>
    <ClCompile Include="..\..\poppler-0.56.0\poppler\Function.cc">
      <Filter>Source Files</Filter>
    </ClCompile>
    <ClCompile Include="..\..\poppler-0.56.0\poppler\Gfx.cc">
      <Filter>Source Files</Filter>
    </ClCompile>
    <ClCompile Include="..\..\poppler-0.56.0\poppler\GfxFont.cc">
      <Filter>Source Files</Filter>
    </ClCompile>
    <ClCompile Include="..\..\poppler-0.56.0\poppler\GfxState.cc">
      <Filter>Source Files</Filter>
    </ClCompile>
    <ClCompile Include="..\..\poppler-0.56.0\poppler\Hints.cc">
      <Filter>Source Files</Filter>
    </ClCompile>
    <ClCompile Include="..\..\poppler-0.56.0\poppler\JArithmeticDecoder.cc">
      <Filter>Source Files</Filter>
    </ClCompile>
    <ClCompile Include="..\..\poppler-0.56.0\poppler\Lexer.cc">
      <Filter>Source Files</Filter>
    </ClCompile>
    <ClCompile Include="..\..\poppler-0.56.0\poppler\Linearization.cc">
      <Filter>Source Files</Filter>
    </ClCompile>
    <ClCompile Include="..\..\poppler-0.56.0\poppler\Link.cc">
      <Filter>Source Files</Filter>
    </ClCompile>
    <ClCompile Include="..\..\poppler-0.56.0\poppler\LocalPDFDocBuilder.cc">
      <Filter>Source Files</Filter>
    </ClCompile>
    <ClCompile Include="..\..\poppler-0.56.0\poppler\MarkedContentOutputDev.cc">
      <Filter>Source Files</Filter>
    </ClCompile>
    <ClCompile Include="..\..\poppler-0.56.0\poppler\Movie.cc">
      <Filter>Source Files</Filter>
    </ClCompile>
    <ClCompile Include="..\..\poppler-0.56.0\poppler\NameToCharCode.cc">
      <Filter>Source Files</Filter>
    </ClCompile>
    <ClCompile Include="..\..\poppler-0.56.0\poppler\Object.cc">
      <Filter>Source Files</Filter>
    </ClCompile>
    <ClCompile Include="..\..\poppler-0.56.0\poppler\OptionalContent.cc">
      <Filter>Source Files</Filter>
    </ClCompile>
    <ClCompile Include="..\..\poppler-0.56.0\poppler\Outline.cc">
      <Filter>Source Files</Filter>
    </ClCompile>
    <ClCompile Include="..\..\poppler-0.56.0\poppler\OutputDev.cc">
      <Filter>Source Files</Filter>
    </ClCompile>
    <ClCompile Include="..\..\poppler-0.56.0\poppler\Page.cc">
      <Filter>Source Files</Filter>
    </ClCompile>
    <ClCompile Include="..\..\poppler-0.56.0\poppler\PageLabelInfo.cc">
      <Filter>Source Files</Filter>
    </ClCompile>
    <ClCompile Include="..\..\poppler-0.56.0\poppler\PageTransition.cc">
      <Filter>Source Files</Filter>
    </ClCompile>
    <ClCompile Include="..\..\poppler-0.56.0\poppler\Parser.cc">
      <Filter>Source Files</Filter>
    </ClCompile>
    <ClCompile Include="..\..\poppler-0.56.0\poppler\PDFDoc.cc">
      <Filter>Source Files</Filter>
    </ClCompile>
    <ClCompile Include="..\..\poppler-0.56.0\poppler\PDFDocEncoding.cc">
      <Filter>Source Files</Filter>
    </ClCompile>
    <ClCompile Include="..\..\poppler-0.56.0\poppler\PDFDocFactory.cc">
      <Filter>Source Files</Filter>
    </ClCompile>
    <ClCompile Include="..\..\poppler-0.56.0\poppler\PopplerCache.cc">
      <Filter>Source Files</Filter>
    </ClCompile>
    <ClCompile Include="..\..\poppler-0.56.0\poppler\PreScanOutputDev.cc">
      <Filter>Source Files</Filter>
    </ClCompile>
    <ClCompile Include="..\..\poppler-0.56.0\poppler\ProfileData.cc">
      <Filter>Source Files</Filter>
    </ClCompile>
    <ClCompile Include="..\..\poppler-0.56.0\poppler\PSOutputDev.cc">
      <Filter>Source Files</Filter>
    </ClCompile>
    <ClCompile Include="..\..\poppler-0.56.0\poppler\PSTokenizer.cc">
      <Filter>Source Files</Filter>
    </ClCompile>
    <ClCompile Include="..\..\poppler-0.56.0\poppler\Rendition.cc">
      <Filter>Source Files</Filter>
    </ClCompile>
    <ClCompile Include="..\..\poppler-0.56.0\poppler\SecurityHandler.cc">
      <Filter>Source Files</Filter>
    </ClCompile>
    <ClCompile Include="..\..\poppler-0.56.0\poppler\Sound.cc">
      <Filter>Source Files</Filter>
    </ClCompile>
    <ClCompile Include="..\..\poppler-0.56.0\poppler\SplashOutputDev.cc">
      <Filter>Source Files</Filter>
    </ClCompile>
    <ClCompile Include="..\..\poppler-0.56.0\poppler\StdinCachedFile.cc">
      <Filter>Source Files</Filter>
    </ClCompile>
    <ClCompile Include="..\..\poppler-0.56.0\poppler\StdinPDFDocBuilder.cc">
      <Filter>Source Files</Filter>
    </ClCompile>
    <ClCompile Include="..\..\poppler-0.56.0\poppler\Stream.cc">
      <Filter>Source Files</Filter>
    </ClCompile>
    <ClCompile Include="..\..\poppler-0.56.0\poppler\strtok_r.cpp">
      <Filter>Source Files</Filter>
    </ClCompile>
    <ClCompile Include="..\..\poppler-0.56.0\poppler\StructElement.cc">
      <Filter>Source Files</Filter>
    </ClCompile>
    <ClCompile Include="..\..\poppler-0.56.0\poppler\StructTreeRoot.cc">
      <Filter>Source Files</Filter>
    </ClCompile>
    <ClCompile Include="..\..\poppler-0.56.0\poppler\TextOutputDev.cc">
      <Filter>Source Files</Filter>
    </ClCompile>
    <ClCompile Include="..\..\poppler-0.56.0\poppler\UnicodeMap.cc">
      <Filter>Source Files</Filter>
    </ClCompile>
    <ClCompile Include="..\..\poppler-0.56.0\poppler\UnicodeTypeTable.cc">
      <Filter>Source Files</Filter>
    </ClCompile>
    <ClCompile Include="..\..\poppler-0.56.0\poppler\UTF.cc">
      <Filter>Source Files</Filter>
    </ClCompile>
    <ClCompile Include="..\..\poppler-0.56.0\poppler\ViewerPreferences.cc">
      <Filter>Source Files</Filter>
    </ClCompile>
    <ClCompile Include="..\..\poppler-0.56.0\poppler\XpdfPluginAPI.cc">
      <Filter>Source Files</Filter>
    </ClCompile>
    <ClCompile Include="..\..\poppler-0.56.0\poppler\XRef.cc">
      <Filter>Source Files</Filter>
    </ClCompile>
    <ClCompile Include="..\..\poppler-0.56.0\poppler\GlobalParams.cc">
      <Filter>Source Files</Filter>
    </ClCompile>
    <ClCompile Include="..\..\poppler-0.56.0\poppler\JBIG2Stream.cc">
      <Filter>Source Files</Filter>
    </ClCompile>
    <ClCompile Include="..\..\poppler-0.56.0\poppler\SignatureInfo.cc">
      <Filter>Source Files</Filter>
    </ClCompile>
  </ItemGroup>
</Project>